
Microsoft Visual Studio Solution File, Format Version 12.00
# Visual Studio Version 17
VisualStudioVersion = 17.11.35222.181
MinimumVisualStudioVersion = 10.0.40219.1
Project("{FAE04EC0-301F-11D3-BF4B-00C04F79EFBC}") = "StudentManagement2", "StudentManagement2\StudentManagement2.csproj", "{69072496-3EBC-4EF4-8262-77FD5BE3A9F3}"
EndProject
Global
	GlobalSection(SolutionConfigurationPlatforms) = preSolution
		Debug|Any CPU = Debug|Any CPU
		Release|Any CPU = Release|Any CPU
	EndGlobalSection
	GlobalSection(ProjectConfigurationPlatforms) = postSolution
		{69072496-3EBC-4EF4-8262-77FD5BE3A9F3}.Debug|Any CPU.ActiveCfg = Debug|Any CPU
		{69072496-3EBC-4EF4-8262-77FD5BE3A9F3}.Debug|Any CPU.Build.0 = Debug|Any CPU
		{69072496-3EBC-4EF4-8262-77FD5BE3A9F3}.Release|Any CPU.ActiveCfg = Release|Any CPU
		{69072496-3EBC-4EF4-8262-77FD5BE3A9F3}.Release|Any CPU.Build.0 = Release|Any CPU
	EndGlobalSection
	GlobalSection(SolutionProperties) = preSolution
		HideSolutionNode = FALSE
	EndGlobalSection
	GlobalSection(ExtensibilityGlobals) = postSolution
		SolutionGuid = {A2DE73E9-D6AD-4502-B921-9ADB886DA571}
	EndGlobalSection
EndGlobal
